
Microsoft Visual Studio Solution File, Format Version 12.00
# Visual Studio Version 17
VisualStudioVersion = 17.1.32228.430
MinimumVisualStudioVersion = 10.0.40219.1
Project("{2150E333-8FDC-42A3-9474-1A3956D46DE8}") = "src", "src", "{02259588-9519-45AC-BC7D-77C95D851251}"
EndProject
Project("{9A19103F-16F7-4668-BE54-9A1E7A4F7556}") = "YTVidoes.Core", "src\YTVidoes.Core\YTVidoes.Core.csproj", "{58DDDAC5-B321-4D11-B015-0AF1BF87B57B}"
EndProject
Project("{9A19103F-16F7-4668-BE54-9A1E7A4F7556}") = "YTVideos.App.Console", "src\YTVideos.App.Console\YTVideos.App.Console.csproj", "{E6412821-390F-4531-9623-946C497A52F8}"
EndProject
Project("{FAE04EC0-301F-11D3-BF4B-00C04F79EFBC}") = "YTVideos.App.Web", "src\YTVIdeos.App.Web\YTVideos.App.Web.csproj", "{CD3C8DF3-0F28-4027-8EB4-564DBD1C6B04}"
EndProject
Global
	GlobalSection(SolutionConfigurationPlatforms) = preSolution
		Debug|Any CPU = Debug|Any CPU
		Release|Any CPU = Release|Any CPU
	EndGlobalSection
	GlobalSection(ProjectConfigurationPlatforms) = postSolution
		{58DDDAC5-B321-4D11-B015-0AF1BF87B57B}.Debug|Any CPU.ActiveCfg = Debug|Any CPU
		{58DDDAC5-B321-4D11-B015-0AF1BF87B57B}.Debug|Any CPU.Build.0 = Debug|Any CPU
		{58DDDAC5-B321-4D11-B015-0AF1BF87B57B}.Release|Any CPU.ActiveCfg = Release|Any CPU
		{58DDDAC5-B321-4D11-B015-0AF1BF87B57B}.Release|Any CPU.Build.0 = Release|Any CPU
		{E6412821-390F-4531-9623-946C497A52F8}.Debug|Any CPU.ActiveCfg = Debug|Any CPU
		{E6412821-390F-4531-9623-946C497A52F8}.Debug|Any CPU.Build.0 = Debug|Any CPU
		{E6412821-390F-4531-9623-946C497A52F8}.Release|Any CPU.ActiveCfg = Release|Any CPU
		{E6412821-390F-4531-9623-946C497A52F8}.Release|Any CPU.Build.0 = Release|Any CPU
		{CD3C8DF3-0F28-4027-8EB4-564DBD1C6B04}.Debug|Any CPU.ActiveCfg = Debug|Any CPU
		{CD3C8DF3-0F28-4027-8EB4-564DBD1C6B04}.Debug|Any CPU.Build.0 = Debug|Any CPU
		{CD3C8DF3-0F28-4027-8EB4-564DBD1C6B04}.Release|Any CPU.ActiveCfg = Release|Any CPU
		{CD3C8DF3-0F28-4027-8EB4-564DBD1C6B04}.Release|Any CPU.Build.0 = Release|Any CPU
	EndGlobalSection
	GlobalSection(SolutionProperties) = preSolution
		HideSolutionNode = FALSE
	EndGlobalSection
	GlobalSection(NestedProjects) = preSolution
		{58DDDAC5-B321-4D11-B015-0AF1BF87B57B} = {02259588-9519-45AC-BC7D-77C95D851251}
		{E6412821-390F-4531-9623-946C497A52F8} = {02259588-9519-45AC-BC7D-77C95D851251}
		{CD3C8DF3-0F28-4027-8EB4-564DBD1C6B04} = {02259588-9519-45AC-BC7D-77C95D851251}
	EndGlobalSection
	GlobalSection(ExtensibilityGlobals) = postSolution
		SolutionGuid = {AB8106DF-04E9-4F74-B17C-66C77C0B662A}
	EndGlobalSection
EndGlobal
